
Microsoft Visual Studio Solution File, Format Version 12.00
# Visual Studio Version 17
VisualStudioVersion = 17.8.34330.188
MinimumVisualStudioVersion = 10.0.40219.1
Project("{FAE04EC0-301F-11D3-BF4B-00C04F79EFBC}") = "ControleComercial", "ControleComercial.csproj", "{3EF087B4-FBE0-46B2-9C94-5077802FFCB4}"
EndProject
Global
	GlobalSection(SolutionConfigurationPlatforms) = preSolution
		Debug|Any CPU = Debug|Any CPU
		Release|Any CPU = Release|Any CPU
	EndGlobalSection
	GlobalSection(ProjectConfigurationPlatforms) = postSolution
		{3EF087B4-FBE0-46B2-9C94-5077802FFCB4}.Debug|Any CPU.ActiveCfg = Debug|Any CPU
		{3EF087B4-FBE0-46B2-9C94-5077802FFCB4}.Debug|Any CPU.Build.0 = Debug|Any CPU
		{3EF087B4-FBE0-46B2-9C94-5077802FFCB4}.Release|Any CPU.ActiveCfg = Release|Any CPU
		{3EF087B4-FBE0-46B2-9C94-5077802FFCB4}.Release|Any CPU.Build.0 = Release|Any CPU
	EndGlobalSection
	GlobalSection(SolutionProperties) = preSolution
		HideSolutionNode = FALSE
	EndGlobalSection
	GlobalSection(ExtensibilityGlobals) = postSolution
		SolutionGuid = {CC766E3C-A0E8-4AD5-A4E1-8DA6F97AF193}
	EndGlobalSection
EndGlobal
